{
  "R": {
    "Version": "4.1.0",
    "Repositories": [
      {
        "Name": "CRAN",
        "URL": "https://packagemanager.rstudio.com/all/latest"
      }
    ]
  },
  "Packages": {
    "BH": {
      "Package": "BH",
      "Version": "1.75.0-0",
      "Source": "Repository",
      "Repository": "RSPM",
      "Hash": "e4c04affc2cac20c8fec18385cd14691"
    },
    "Rcpp": {
      "Package": "Rcpp",
      "Version": "1.0.7",
      "Source": "Repository",
      "Repository": "RSPM",
      "Hash": "dab19adae4440ae55aa8a9d238b246bb"
    },
    "cpp11": {
      "Package": "cpp11",
      "Version": "0.3.1",
      "Source": "Repository",
      "Repository": "RSPM",
      "Hash": "e02edab2bc389c5e4b12949b13df44f2"
    },
    "httpgd": {
      "Package": "httpgd",
      "Version": "1.1.1",
      "Source": "GitHub",
      "RemoteType": "github",
      "RemoteHost": "api.github.com",
      "RemoteUsername": "nx10",
      "RemoteRepo": "httpgd",
      "RemoteRef": "master",
      "RemoteSha": "3778f85fe57c4efdf02e7d70c76b0c856fe2ea47",
      "Hash": "362d1f374fdc31f835e5f1c604f06d98"
    },
    "later": {
      "Package": "later",
      "Version": "1.2.0",
      "Source": "Repository",
      "Repository": "RSPM",
      "Hash": "b61890ae77fea19fc8acadd25db70aa4"
    },
    "renv": {
      "Package": "renv",
      "Version": "0.14.0",
      "Source": "Repository",
      "Repository": "RSPM",
      "Hash": "30e5eba91b67f7f4d75d31de14bbfbdc"
    },
    "rlang": {
      "Package": "rlang",
      "Version": "0.4.11",
      "Source": "Repository",
      "Repository": "RSPM",
      "Hash": "515f341d3affe0de9e4a7f762efb0456"
    },
    "systemfonts": {
      "Package": "systemfonts",
      "Version": "1.0.2",
      "Source": "Repository",
      "Repository": "RSPM",
      "Hash": "f2e17ba09737e2e7e2ec40fc1f9b6e08"
    }
  }
}
